
Microsoft Visual Studio Solution File, Format Version 12.00
Project("{F2A71F9B-5D33-465A-A702-920D77279786}") = "SharpPoint", "SharpPoint.fsproj", "{B47F1786-D85F-47C9-BBBE-EC34E80E4B80}"
EndProject
Global
	GlobalSection(SolutionConfigurationPlatforms) = preSolution
		Debug|Any CPU = Debug|Any CPU
		Release|Any CPU = Release|Any CPU
	EndGlobalSection
	GlobalSection(ProjectConfigurationPlatforms) = postSolution
		{B47F1786-D85F-47C9-BBBE-EC34E80E4B80}.Debug|Any CPU.ActiveCfg = Debug|Any CPU
		{B47F1786-D85F-47C9-BBBE-EC34E80E4B80}.Debug|Any CPU.Build.0 = Debug|Any CPU
		{B47F1786-D85F-47C9-BBBE-EC34E80E4B80}.Release|Any CPU.ActiveCfg = Release|Any CPU
		{B47F1786-D85F-47C9-BBBE-EC34E80E4B80}.Release|Any CPU.Build.0 = Release|Any CPU
	EndGlobalSection
EndGlobal
